
Microsoft Visual Studio Solution File, Format Version 12.00
# Visual Studio Version 17
VisualStudioVersion = 17.9.34728.123
MinimumVisualStudioVersion = 10.0.40219.1
Project("{9A19103F-16F7-4668-BE54-9A1E7A4F7556}") = "Git_Web_Netcore_Mvc_Crud", "Git_Web_Netcore_Mvc_Crud\Git_Web_Netcore_Mvc_Crud.csproj", "{1FD3099D-A37B-47A2-A2F0-B63E99D416D3}"
EndProject
Project("{FAE04EC0-301F-11D3-BF4B-00C04F79EFBC}") = "Git_Web_Netcore_Razor_Crud", "Git_Web_Netcore_Razor_Crud\Git_Web_Netcore_Razor_Crud.csproj", "{67265FD5-1F1D-4A63-8100-4567AC7545FF}"
EndProject
Global
	GlobalSection(SolutionConfigurationPlatforms) = preSolution
		Debug|Any CPU = Debug|Any CPU
		Release|Any CPU = Release|Any CPU
	EndGlobalSection
	GlobalSection(ProjectConfigurationPlatforms) = postSolution
		{1FD3099D-A37B-47A2-A2F0-B63E99D416D3}.Debug|Any CPU.ActiveCfg = Debug|Any CPU
		{1FD3099D-A37B-47A2-A2F0-B63E99D416D3}.Debug|Any CPU.Build.0 = Debug|Any CPU
		{1FD3099D-A37B-47A2-A2F0-B63E99D416D3}.Release|Any CPU.ActiveCfg = Release|Any CPU
		{1FD3099D-A37B-47A2-A2F0-B63E99D416D3}.Release|Any CPU.Build.0 = Release|Any CPU
		{67265FD5-1F1D-4A63-8100-4567AC7545FF}.Debug|Any CPU.ActiveCfg = Debug|Any CPU
		{67265FD5-1F1D-4A63-8100-4567AC7545FF}.Debug|Any CPU.Build.0 = Debug|Any CPU
		{67265FD5-1F1D-4A63-8100-4567AC7545FF}.Release|Any CPU.ActiveCfg = Release|Any CPU
		{67265FD5-1F1D-4A63-8100-4567AC7545FF}.Release|Any CPU.Build.0 = Release|Any CPU
	EndGlobalSection
	GlobalSection(SolutionProperties) = preSolution
		HideSolutionNode = FALSE
	EndGlobalSection
	GlobalSection(ExtensibilityGlobals) = postSolution
		SolutionGuid = {C12F0A9F-36E9-456D-9CFE-7BCA420DF9A2}
	EndGlobalSection
EndGlobal
